// !$*UTF8*$!
{
	archiveVersion = 1;
	classes = {
	};
	objectVersion = 48;
	objects = {

/* Begin PBXBuildFile section */
		517BE853209A3A2000A49754 /* AppDelegate.swift in Sources */ = {isa = PBXBuildFile; fileRef = 517BE852209A3A2000A49754 /* AppDelegate.swift */; };
		517BE855209A3A2000A49754 /* SummaryVC.swift in Sources */ = {isa = PBXBuildFile; fileRef = 517BE854209A3A2000A49754 /* SummaryVC.swift */; };
		517BE858209A3A2000A49754 /* Main.storyboard in Resources */ = {isa = PBXBuildFile; fileRef = 517BE856209A3A2000A49754 /* Main.storyboard */; };
		517BE85A209A3A2000A49754 /* Assets.xcassets in Resources */ = {isa = PBXBuildFile; fileRef = 517BE859209A3A2000A49754 /* Assets.xcassets */; };
		517BE85D209A3A2000A49754 /* LaunchScreen.storyboard in Resources */ = {isa = PBXBuildFile; fileRef = 517BE85B209A3A2000A49754 /* LaunchScreen.storyboard */; };
		517BE86B209A3D8200A49754 /* Constants.swift in Sources */ = {isa = PBXBuildFile; fileRef = 517BE86A209A3D8200A49754 /* Constants.swift */; };
		517BE86D209A4AED00A49754 /* DataService.swift in Sources */ = {isa = PBXBuildFile; fileRef = 517BE86C209A4AED00A49754 /* DataService.swift */; };
		517BE86F209A868C00A49754 /* SummaryCell.swift in Sources */ = {isa = PBXBuildFile; fileRef = 517BE86E209A868C00A49754 /* SummaryCell.swift */; };
		517BE87120A1F94100A49754 /* Order.swift in Sources */ = {isa = PBXBuildFile; fileRef = 517BE87020A1F94100A49754 /* Order.swift */; };
		517BE87320A1FE7900A49754 /* Category.swift in Sources */ = {isa = PBXBuildFile; fileRef = 517BE87220A1FE7900A49754 /* Category.swift */; };
		517BE87520A244F200A49754 /* OrderVC.swift in Sources */ = {isa = PBXBuildFile; fileRef = 517BE87420A244F200A49754 /* OrderVC.swift */; };
		517BE87720A24C3400A49754 /* OrderCell.swift in Sources */ = {isa = PBXBuildFile; fileRef = 517BE87620A24C3400A49754 /* OrderCell.swift */; };
		517BE87920A2545900A49754 /* UIViewControllerExtension.swift in Sources */ = {isa = PBXBuildFile; fileRef = 517BE87820A2545900A49754 /* UIViewControllerExtension.swift */; };
		517BE87C20A2780C00A49754 /* OrderVCExtension.swift in Sources */ = {isa = PBXBuildFile; fileRef = 517BE87B20A2780C00A49754 /* OrderVCExtension.swift */; };
		517BE87E20A27BC600A49754 /* SummaryVCExtension.swift in Sources */ = {isa = PBXBuildFile; fileRef = 517BE87D20A27BC600A49754 /* SummaryVCExtension.swift */; };
		8BFA06B3E518287B96EC28F9 /* Pods_OrderMe.framework in Frameworks */ = {isa = PBXBuildFile; fileRef = 448A9F68A4BC122314107560 /* Pods_OrderMe.framework */; };
/* End PBXBuildFile section */

/* Begin PBXFileReference section */
		448A9F68A4BC122314107560 /* Pods_OrderMe.framework */ = {isa = PBXFileReference; explicitFileType = wrapper.framework; includeInIndex = 0; path = Pods_OrderMe.framework; sourceTree = BUILT_PRODUCTS_DIR; };
		517BE84F209A3A2000A49754 /* OrderMe.app */ = {isa = PBXFileReference; explicitFileType = wrapper.application; includeInIndex = 0; path = OrderMe.app; sourceTree = BUILT_PRODUCTS_DIR; };
		517BE852209A3A2000A49754 /* AppDelegate.swift */ = {isa = PBXFileReference; lastKnownFileType = sourcecode.swift; path = AppDelegate.swift; sourceTree = "<group>"; };
		517BE854209A3A2000A49754 /* SummaryVC.swift */ = {isa = PBXFileReference; lastKnownFileType = sourcecode.swift; path = SummaryVC.swift; sourceTree = "<group>"; };
		517BE857209A3A2000A49754 /* Base */ = {isa = PBXFileReference; lastKnownFileType = file.storyboard; name = Base; path = Base.lproj/Main.storyboard; sourceTree = "<group>"; };
		517BE859209A3A2000A49754 /* Assets.xcassets */ = {isa = PBXFileReference; lastKnownFileType = folder.assetcatalog; path = Assets.xcassets; sourceTree = "<group>"; };
		517BE85C209A3A2000A49754 /* Base */ = {isa = PBXFileReference; lastKnownFileType = file.storyboard; name = Base; path = Base.lproj/LaunchScreen.storyboard; sourceTree = "<group>"; };
		517BE85E209A3A2000A49754 /* Info.plist */ = {isa = PBXFileReference; lastKnownFileType = text.plist.xml; path = Info.plist; sourceTree = "<group>"; };
		517BE86A209A3D8200A49754 /* Constants.swift */ = {isa = PBXFileReference; lastKnownFileType = sourcecode.swift; path = Constants.swift; sourceTree = "<group>"; };
		517BE86C209A4AED00A49754 /* DataService.swift */ = {isa = PBXFileReference; lastKnownFileType = sourcecode.swift; path = DataService.swift; sourceTree = "<group>"; };
		517BE86E209A868C00A49754 /* SummaryCell.swift */ = {isa = PBXFileReference; lastKnownFileType = sourcecode.swift; path = SummaryCell.swift; sourceTree = "<group>"; };
		517BE87020A1F94100A49754 /* Order.swift */ = {isa = PBXFileReference; lastKnownFileType = sourcecode.swift; path = Order.swift; sourceTree = "<group>"; };
		517BE87220A1FE7900A49754 /* Category.swift */ = {isa = PBXFileReference; lastKnownFileType = sourcecode.swift; path = Category.swift; sourceTree = "<group>"; };
		517BE87420A244F200A49754 /* OrderVC.swift */ = {isa = PBXFileReference; lastKnownFileType = sourcecode.swift; path = OrderVC.swift; sourceTree = "<group>"; };
		517BE87620A24C3400A49754 /* OrderCell.swift */ = {isa = PBXFileReference; lastKnownFileType = sourcecode.swift; path = OrderCell.swift; sourceTree = "<group>"; };
		517BE87820A2545900A49754 /* UIViewControllerExtension.swift */ = {isa = PBXFileReference; lastKnownFileType = sourcecode.swift; path = UIViewControllerExtension.swift; sourceTree = "<group>"; };
		517BE87B20A2780C00A49754 /* OrderVCExtension.swift */ = {isa = PBXFileReference; lastKnownFileType = sourcecode.swift; path = OrderVCExtension.swift; sourceTree = "<group>"; };
		517BE87D20A27BC600A49754 /* SummaryVCExtension.swift */ = {isa = PBXFileReference; lastKnownFileType = sourcecode.swift; path = SummaryVCExtension.swift; sourceTree = "<group>"; };
		874BC6E3EA694C5D9FB59C76 /* Pods-OrderMe.debug.xcconfig */ = {isa = PBXFileReference; includeInIndex = 1; lastKnownFileType = text.xcconfig; name = "Pods-OrderMe.debug.xcconfig"; path = "Pods/Target Support Files/Pods-OrderMe/Pods-OrderMe.debug.xcconfig"; sourceTree = "<group>"; };
		D69D501DD2199F31A9D78833 /* Pods-OrderMe.release.xcconfig */ = {isa = PBXFileReference; includeInIndex = 1; lastKnownFileType = text.xcconfig; name = "Pods-OrderMe.release.xcconfig"; path = "Pods/Target Support Files/Pods-OrderMe/Pods-OrderMe.release.xcconfig"; sourceTree = "<group>"; };
/* End PBXFileReference section */

/* Begin PBXFrameworksBuildPhase section */
		517BE84C209A3A2000A49754 /* Frameworks */ = {
			isa = PBXFrameworksBuildPhase;
			buildActionMask = 2147483647;
			files = (
				8BFA06B3E518287B96EC28F9 /* Pods_OrderMe.framework in Frameworks */,
			);
			runOnlyForDeploymentPostprocessing = 0;
		};
/* End PBXFrameworksBuildPhase section */

/* Begin PBXGroup section */
		31A69B858FADBEB0F902A798 /* Frameworks */ = {
			isa = PBXGroup;
			children = (
				448A9F68A4BC122314107560 /* Pods_OrderMe.framework */,
			);
			name = Frameworks;
			sourceTree = "<group>";
		};
		517BE846209A3A2000A49754 = {
			isa = PBXGroup;
			children = (
				517BE851209A3A2000A49754 /* OrderMe */,
				517BE850209A3A2000A49754 /* Products */,
				8FAFB4CAA98A00BD6EBC4B46 /* Pods */,
				31A69B858FADBEB0F902A798 /* Frameworks */,
			);
			sourceTree = "<group>";
		};
		517BE850209A3A2000A49754 /* Products */ = {
			isa = PBXGroup;
			children = (
				517BE84F209A3A2000A49754 /* OrderMe.app */,
			);
			name = Products;
			sourceTree = "<group>";
		};
		517BE851209A3A2000A49754 /* OrderMe */ = {
			isa = PBXGroup;
			children = (
				517BE87A20A277D100A49754 /* Extensions */,
				517BE869209A3D6F00A49754 /* Utilities */,
				517BE868209A3D6100A49754 /* Services */,
				517BE866209A3D3000A49754 /* Controller */,
				517BE865209A3D1E00A49754 /* Views */,
				517BE864209A3D0E00A49754 /* Model */,
				517BE852209A3A2000A49754 /* AppDelegate.swift */,
				517BE856209A3A2000A49754 /* Main.storyboard */,
				517BE859209A3A2000A49754 /* Assets.xcassets */,
				517BE85B209A3A2000A49754 /* LaunchScreen.storyboard */,
				517BE85E209A3A2000A49754 /* Info.plist */,
			);
			path = OrderMe;
			sourceTree = "<group>";
		};
		517BE864209A3D0E00A49754 /* Model */ = {
			isa = PBXGroup;
			children = (
				517BE87020A1F94100A49754 /* Order.swift */,
				517BE87220A1FE7900A49754 /* Category.swift */,
			);
			path = Model;
			sourceTree = "<group>";
		};
		517BE865209A3D1E00A49754 /* Views */ = {
			isa = PBXGroup;
			children = (
				517BE86E209A868C00A49754 /* SummaryCell.swift */,
				517BE87620A24C3400A49754 /* OrderCell.swift */,
			);
			path = Views;
			sourceTree = "<group>";
		};
		517BE866209A3D3000A49754 /* Controller */ = {
			isa = PBXGroup;
			children = (
				517BE854209A3A2000A49754 /* SummaryVC.swift */,
				517BE87420A244F200A49754 /* OrderVC.swift */,
			);
			path = Controller;
			sourceTree = "<group>";
		};
		517BE868209A3D6100A49754 /* Services */ = {
			isa = PBXGroup;
			children = (
				517BE86C209A4AED00A49754 /* DataService.swift */,
			);
			path = Services;
			sourceTree = "<group>";
		};
		517BE869209A3D6F00A49754 /* Utilities */ = {
			isa = PBXGroup;
			children = (
				517BE86A209A3D8200A49754 /* Constants.swift */,
			);
			path = Utilities;
			sourceTree = "<group>";
		};
		517BE87A20A277D100A49754 /* Extensions */ = {
			isa = PBXGroup;
			children = (
				517BE87820A2545900A49754 /* UIViewControllerExtension.swift */,
				517BE87B20A2780C00A49754 /* OrderVCExtension.swift */,
				517BE87D20A27BC600A49754 /* SummaryVCExtension.swift */,
			);
			path = Extensions;
			sourceTree = "<group>";
		};
		8FAFB4CAA98A00BD6EBC4B46 /* Pods */ = {
			isa = PBXGroup;
			children = (
				874BC6E3EA694C5D9FB59C76 /* Pods-OrderMe.debug.xcconfig */,
				D69D501DD2199F31A9D78833 /* Pods-OrderMe.release.xcconfig */,
			);
			name = Pods;
			sourceTree = "<group>";
		};
/* End PBXGroup section */

/* Begin PBXNativeTarget section */
		517BE84E209A3A2000A49754 /* OrderMe */ = {
			isa = PBXNativeTarget;
			buildConfigurationList = 517BE861209A3A2000A49754 /* Build configuration list for PBXNativeTarget "OrderMe" */;
			buildPhases = (
				D6E3A37AD474D041C5810175 /* [CP] Check Pods Manifest.lock */,
				517BE84B209A3A2000A49754 /* Sources */,
				517BE84C209A3A2000A49754 /* Frameworks */,
				517BE84D209A3A2000A49754 /* Resources */,
				6216CD5375CF79E0FF342BE8 /* [CP] Embed Pods Frameworks */,
				47EBEB4139A652C13E83F57E /* [CP] Copy Pods Resources */,
			);
			buildRules = (
			);
			dependencies = (
			);
			name = OrderMe;
			productName = OrderMe;
			productReference = 517BE84F209A3A2000A49754 /* OrderMe.app */;
			productType = "com.apple.product-type.application";
		};
/* End PBXNativeTarget section */

/* Begin PBXProject section */
		517BE847209A3A2000A49754 /* Project object */ = {
			isa = PBXProject;
			attributes = {
				LastSwiftUpdateCheck = 0920;
				LastUpgradeCheck = 0920;
				ORGANIZATIONNAME = CodeSchool;
				TargetAttributes = {
					517BE84E209A3A2000A49754 = {
						CreatedOnToolsVersion = 9.2;
						ProvisioningStyle = Automatic;
					};
				};
			};
			buildConfigurationList = 517BE84A209A3A2000A49754 /* Build configuration list for PBXProject "OrderMe" */;
			compatibilityVersion = "Xcode 8.0";
			developmentRegion = en;
			hasScannedForEncodings = 0;
			knownRegions = (
				en,
				Base,
			);
			mainGroup = 517BE846209A3A2000A49754;
			productRefGroup = 517BE850209A3A2000A49754 /* Products */;
			projectDirPath = "";
			projectRoot = "";
			targets = (
				517BE84E209A3A2000A49754 /* OrderMe */,
			);
		};
/* End PBXProject section */

/* Begin PBXResourcesBuildPhase section */
		517BE84D209A3A2000A49754 /* Resources */ = {
			isa = PBXResourcesBuildPhase;
			buildActionMask = 2147483647;
			files = (
				517BE85D209A3A2000A49754 /* LaunchScreen.storyboard in Resources */,
				517BE85A209A3A2000A49754 /* Assets.xcassets in Resources */,
				517BE858209A3A2000A49754 /* Main.storyboard in Resources */,
			);
			runOnlyForDeploymentPostprocessing = 0;
		};
/* End PBXResourcesBuildPhase section */

/* Begin PBXShellScriptBuildPhase section */
		47EBEB4139A652C13E83F57E /* [CP] Copy Pods Resources */ = {
			isa = PBXShellScriptBuildPhase;
			buildActionMask = 2147483647;
			files = (
			);
			inputPaths = (
			);
			name = "[CP] Copy Pods Resources";
			outputPaths = (
			);
			runOnlyForDeploymentPostprocessing = 0;
			shellPath = /bin/sh;
			shellScript = "\"${SRCROOT}/Pods/Target Support Files/Pods-OrderMe/Pods-OrderMe-resources.sh\"\n";
			showEnvVarsInLog = 0;
		};
		6216CD5375CF79E0FF342BE8 /* [CP] Embed Pods Frameworks */ = {
			isa = PBXShellScriptBuildPhase;
			buildActionMask = 2147483647;
			files = (
			);
			inputPaths = (
				"${SRCROOT}/Pods/Target Support Files/Pods-OrderMe/Pods-OrderMe-frameworks.sh",
				"${BUILT_PRODUCTS_DIR}/Alamofire/Alamofire.framework",
				"${BUILT_PRODUCTS_DIR}/AlamofireImage/AlamofireImage.framework",
				"${BUILT_PRODUCTS_DIR}/SwiftyJSON/SwiftyJSON.framework",
			);
			name = "[CP] Embed Pods Frameworks";
			outputPaths = (
				"${TARGET_BUILD_DIR}/${FRAMEWORKS_FOLDER_PATH}/Alamofire.framework",
				"${TARGET_BUILD_DIR}/${FRAMEWORKS_FOLDER_PATH}/AlamofireImage.framework",
				"${TARGET_BUILD_DIR}/${FRAMEWORKS_FOLDER_PATH}/SwiftyJSON.framework",
			);
			runOnlyForDeploymentPostprocessing = 0;
			shellPath = /bin/sh;
			shellScript = "\"${SRCROOT}/Pods/Target Support Files/Pods-OrderMe/Pods-OrderMe-frameworks.sh\"\n";
			showEnvVarsInLog = 0;
		};
		D6E3A37AD474D041C5810175 /* [CP] Check Pods Manifest.lock */ = {
			isa = PBXShellScriptBuildPhase;
			buildActionMask = 2147483647;
			files = (
			);
			inputPaths = (
				"${PODS_PODFILE_DIR_PATH}/Podfile.lock",
				"${PODS_ROOT}/Manifest.lock",
			);
			name = "[CP] Check Pods Manifest.lock";
			outputPaths = (
				"$(DERIVED_FILE_DIR)/Pods-OrderMe-checkManifestLockResult.txt",
			);
			runOnlyForDeploymentPostprocessing = 0;
			shellPath = /bin/sh;
			shellScript = "diff \"${PODS_PODFILE_DIR_PATH}/Podfile.lock\" \"${PODS_ROOT}/Manifest.lock\" > /dev/null\nif [ $? != 0 ] ; then\n    # print error to STDERR\n    echo \"error: The sandbox is not in sync with the Podfile.lock. Run 'pod install' or update your CocoaPods installation.\" >&2\n    exit 1\nfi\n# This output is used by Xcode 'outputs' to avoid re-running this script phase.\necho \"SUCCESS\" > \"${SCRIPT_OUTPUT_FILE_0}\"\n";
			showEnvVarsInLog = 0;
		};
/* End PBXShellScriptBuildPhase section */

/* Begin PBXSourcesBuildPhase section */
		517BE84B209A3A2000A49754 /* Sources */ = {
			isa = PBXSourcesBuildPhase;
			buildActionMask = 2147483647;
			files = (
				517BE87120A1F94100A49754 /* Order.swift in Sources */,
				517BE86F209A868C00A49754 /* SummaryCell.swift in Sources */,
				517BE87920A2545900A49754 /* UIViewControllerExtension.swift in Sources */,
				517BE87E20A27BC600A49754 /* SummaryVCExtension.swift in Sources */,
				517BE855209A3A2000A49754 /* SummaryVC.swift in Sources */,
				517BE853209A3A2000A49754 /* AppDelegate.swift in Sources */,
				517BE87720A24C3400A49754 /* OrderCell.swift in Sources */,
				517BE86B209A3D8200A49754 /* Constants.swift in Sources */,
				517BE87C20A2780C00A49754 /* OrderVCExtension.swift in Sources */,
				517BE87520A244F200A49754 /* OrderVC.swift in Sources */,
				517BE86D209A4AED00A49754 /* DataService.swift in Sources */,
				517BE87320A1FE7900A49754 /* Category.swift in Sources */,
			);
			runOnlyForDeploymentPostprocessing = 0;
		};
/* End PBXSourcesBuildPhase section */

/* Begin PBXVariantGroup section */
		517BE856209A3A2000A49754 /* Main.storyboard */ = {
			isa = PBXVariantGroup;
			children = (
				517BE857209A3A2000A49754 /* Base */,
			);
			name = Main.storyboard;
			sourceTree = "<group>";
		};
		517BE85B209A3A2000A49754 /* LaunchScreen.storyboard */ = {
			isa = PBXVariantGroup;
			children = (
				517BE85C209A3A2000A49754 /* Base */,
			);
			name = LaunchScreen.storyboard;
			sourceTree = "<group>";
		};
/* End PBXVariantGroup section */

/* Begin XCBuildConfiguration section */
		517BE85F209A3A2000A49754 /* Debug */ = {
			isa = XCBuildConfiguration;
			buildSettings = {
				ALWAYS_SEARCH_USER_PATHS = NO;
				CLANG_ANALYZER_NONNULL = YES;
				CLANG_ANALYZER_NUMBER_OBJECT_CONVERSION = YES_AGGRESSIVE;
				CLANG_CXX_LANGUAGE_STANDARD = "gnu++14";
				CLANG_CXX_LIBRARY = "libc++";
				CLANG_ENABLE_MODULES = YES;
				CLANG_ENABLE_OBJC_ARC = YES;
				CLANG_WARN_BLOCK_CAPTURE_AUTORELEASING = YES;
				CLANG_WARN_BOOL_CONVERSION = YES;
				CLANG_WARN_COMMA = YES;
				CLANG_WARN_CONSTANT_CONVERSION = YES;
				CLANG_WARN_DIRECT_OBJC_ISA_USAGE = YES_ERROR;
				CLANG_WARN_DOCUMENTATION_COMMENTS = YES;
				CLANG_WARN_EMPTY_BODY = YES;
				CLANG_WARN_ENUM_CONVERSION = YES;
				CLANG_WARN_INFINITE_RECURSION = YES;
				CLANG_WARN_INT_CONVERSION = YES;
				CLANG_WARN_NON_LITERAL_NULL_CONVERSION = YES;
				CLANG_WARN_OBJC_LITERAL_CONVERSION = YES;
				CLANG_WARN_OBJC_ROOT_CLASS = YES_ERROR;
				CLANG_WARN_RANGE_LOOP_ANALYSIS = YES;
				CLANG_WARN_STRICT_PROTOTYPES = YES;
				CLANG_WARN_SUSPICIOUS_MOVE = YES;
				CLANG_WARN_UNGUARDED_AVAILABILITY = YES_AGGRESSIVE;
				CLANG_WARN_UNREACHABLE_CODE = YES;
				CLANG_WARN__DUPLICATE_METHOD_MATCH = YES;
				CODE_SIGN_IDENTITY = "iPhone Developer";
				COPY_PHASE_STRIP = NO;
				DEBUG_INFORMATION_FORMAT = dwarf;
				ENABLE_STRICT_OBJC_MSGSEND = YES;
				ENABLE_TESTABILITY = YES;
				GCC_C_LANGUAGE_STANDARD = gnu11;
				GCC_DYNAMIC_NO_PIC = NO;
				GCC_NO_COMMON_BLOCKS = YES;
				GCC_OPTIMIZATION_LEVEL = 0;
				GCC_PREPROCESSOR_DEFINITIONS = (
					"DEBUG=1",
					"$(inherited)",
				);
				GCC_WARN_64_TO_32_BIT_CONVERSION = YES;
				GCC_WARN_ABOUT_RETURN_TYPE = YES_ERROR;
				GCC_WARN_UNDECLARED_SELECTOR = YES;
				GCC_WARN_UNINITIALIZED_AUTOS = YES_AGGRESSIVE;
				GCC_WARN_UNUSED_FUNCTION = YES;
				GCC_WARN_UNUSED_VARIABLE = YES;
				IPHONEOS_DEPLOYMENT_TARGET = 11.2;
				MTL_ENABLE_DEBUG_INFO = YES;
				ONLY_ACTIVE_ARCH = YES;
				SDKROOT = iphoneos;
				SWIFT_ACTIVE_COMPILATION_CONDITIONS = DEBUG;
				SWIFT_OPTIMIZATION_LEVEL = "-Onone";
			};
			name = Debug;
		};
		517BE860209A3A2000A49754 /* Release */ = {
			isa = XCBuildConfiguration;
			buildSettings = {
				ALWAYS_SEARCH_USER_PATHS = NO;
				CLANG_ANALYZER_NONNULL = YES;
				CLANG_ANALYZER_NUMBER_OBJECT_CONVERSION = YES_AGGRESSIVE;
				CLANG_CXX_LANGUAGE_STANDARD = "gnu++14";
				CLANG_CXX_LIBRARY = "libc++";
				CLANG_ENABLE_MODULES = YES;
				CLANG_ENABLE_OBJC_ARC = YES;
				CLANG_WARN_BLOCK_CAPTURE_AUTORELEASING = YES;
				CLANG_WARN_BOOL_CONVERSION = YES;
				CLANG_WARN_COMMA = YES;
				CLANG_WARN_CONSTANT_CONVERSION = YES;
				CLANG_WARN_DIRECT_OBJC_ISA_USAGE = YES_ERROR;
				CLANG_WARN_DOCUMENTATION_COMMENTS = YES;
				CLANG_WARN_EMPTY_BODY = YES;
				CLANG_WARN_ENUM_CONVERSION = YES;
				CLANG_WARN_INFINITE_RECURSION = YES;
				CLANG_WARN_INT_CONVERSION = YES;
				CLANG_WARN_NON_LITERAL_NULL_CONVERSION = YES;
				CLANG_WARN_OBJC_LITERAL_CONVERSION = YES;
				CLANG_WARN_OBJC_ROOT_CLASS = YES_ERROR;
				CLANG_WARN_RANGE_LOOP_ANALYSIS = YES;
				CLANG_WARN_STRICT_PROTOTYPES = YES;
				CLANG_WARN_SUSPICIOUS_MOVE = YES;
				CLANG_WARN_UNGUARDED_AVAILABILITY = YES_AGGRESSIVE;
				CLANG_WARN_UNREACHABLE_CODE = YES;
				CLANG_WARN__DUPLICATE_METHOD_MATCH = YES;
				CODE_SIGN_IDENTITY = "iPhone Developer";
				COPY_PHASE_STRIP = NO;
				DEBUG_INFORMATION_FORMAT = "dwarf-with-dsym";
				ENABLE_NS_ASSERTIONS = NO;
				ENABLE_STRICT_OBJC_MSGSEND = YES;
				GCC_C_LANGUAGE_STANDARD = gnu11;
				GCC_NO_COMMON_BLOCKS = YES;
				GCC_WARN_64_TO_32_BIT_CONVERSION = YES;
				GCC_WARN_ABOUT_RETURN_TYPE = YES_ERROR;
				GCC_WARN_UNDECLARED_SELECTOR = YES;
				GCC_WARN_UNINITIALIZED_AUTOS = YES_AGGRESSIVE;
				GCC_WARN_UNUSED_FUNCTION = YES;
				GCC_WARN_UNUSED_VARIABLE = YES;
				IPHONEOS_DEPLOYMENT_TARGET = 11.2;
				MTL_ENABLE_DEBUG_INFO = NO;
				SDKROOT = iphoneos;
				SWIFT_OPTIMIZATION_LEVEL = "-Owholemodule";
				VALIDATE_PRODUCT = YES;
			};
			name = Release;
		};
		517BE862209A3A2000A49754 /* Debug */ = {
			isa = XCBuildConfiguration;
			baseConfigurationReference = 874BC6E3EA694C5D9FB59C76 /* Pods-OrderMe.debug.xcconfig */;
			buildSettings = {
				ASSETCATALOG_COMPILER_APPICON_NAME = AppIcon;
				CODE_SIGN_STYLE = Automatic;
				DEVELOPMENT_TEAM = 449YD3A6N2;
				INFOPLIST_FILE = OrderMe/Info.plist;
				LD_RUNPATH_SEARCH_PATHS = "$(inherited) @executable_path/Frameworks";
				PRODUCT_BUNDLE_IDENTIFIER = shameiz.com.OrderMe;
				PRODUCT_NAME = "$(TARGET_NAME)";
				SWIFT_VERSION = 4.0;
				TARGETED_DEVICE_FAMILY = "1,2";
			};
			name = Debug;
		};
		517BE863209A3A2000A49754 /* Release */ = {
			isa = XCBuildConfiguration;
			baseConfigurationReference = D69D501DD2199F31A9D78833 /* Pods-OrderMe.release.xcconfig */;
			buildSettings = {
				ASSETCATALOG_COMPILER_APPICON_NAME = AppIcon;
				CODE_SIGN_STYLE = Automatic;
				DEVELOPMENT_TEAM = 449YD3A6N2;
				INFOPLIST_FILE = OrderMe/Info.plist;
				LD_RUNPATH_SEARCH_PATHS = "$(inherited) @executable_path/Frameworks";
				PRODUCT_BUNDLE_IDENTIFIER = shameiz.com.OrderMe;
				PRODUCT_NAME = "$(TARGET_NAME)";
				SWIFT_VERSION = 4.0;
				TARGETED_DEVICE_FAMILY = "1,2";
			};
			name = Release;
		};
/* End XCBuildConfiguration section */

/* Begin XCConfigurationList section */
		517BE84A209A3A2000A49754 /* Build configuration list for PBXProject "OrderMe" */ = {
			isa = XCConfigurationList;
			buildConfigurations = (
				517BE85F209A3A2000A49754 /* Debug */,
				517BE860209A3A2000A49754 /* Release */,
			);
			defaultConfigurationIsVisible = 0;
			defaultConfigurationName = Release;
		};
		517BE861209A3A2000A49754 /* Build configuration list for PBXNativeTarget "OrderMe" */ = {
			isa = XCConfigurationList;
			buildConfigurations = (
				517BE862209A3A2000A49754 /* Debug */,
				517BE863209A3A2000A49754 /* Release */,
			);
			defaultConfigurationIsVisible = 0;
			defaultConfigurationName = Release;
		};
/* End XCConfigurationList section */
	};
	rootObject = 517BE847209A3A2000A49754 /* Project object */;
}
